// !$*UTF8*$!
{
	archiveVersion = 1;
	classes = {
	};
	objectVersion = 56;
	objects = {

/* Begin PBXBuildFile section */
		131D30582AEA13E3001D7220 /* sun-salute.mp4 in Resources */ = {isa = PBXBuildFile; fileRef = 131D30542AEA13E3001D7220 /* sun-salute.mp4 */; };
		131D30592AEA13E3001D7220 /* burpee.mp4 in Resources */ = {isa = PBXBuildFile; fileRef = 131D30552AEA13E3001D7220 /* burpee.mp4 */; };
		131D305A2AEA13E3001D7220 /* squat.mp4 in Resources */ = {isa = PBXBuildFile; fileRef = 131D30562AEA13E3001D7220 /* squat.mp4 */; };
		131D305B2AEA13E3001D7220 /* step-up.mp4 in Resources */ = {isa = PBXBuildFile; fileRef = 131D30572AEA13E3001D7220 /* step-up.mp4 */; };
		131D305D2AEAD2D0001D7220 /* HeaderView.swift in Sources */ = {isa = PBXBuildFile; fileRef = 131D305C2AEAD2D0001D7220 /* HeaderView.swift */; };
		131D305F2AEAD68B001D7220 /* Exercise.swift in Sources */ = {isa = PBXBuildFile; fileRef = 131D305E2AEAD68B001D7220 /* Exercise.swift */; };
		131D30612AEC4D5D001D7220 /* RatingView.swift in Sources */ = {isa = PBXBuildFile; fileRef = 131D30602AEC4D5D001D7220 /* RatingView.swift */; };
		131D30632AEC5556001D7220 /* VideoPlayerView.swift in Sources */ = {isa = PBXBuildFile; fileRef = 131D30622AEC5556001D7220 /* VideoPlayerView.swift */; };
		13EFAB102AE346E500CD4262 /* HiitFitApp.swift in Sources */ = {isa = PBXBuildFile; fileRef = 13EFAB0F2AE346E500CD4262 /* HiitFitApp.swift */; };
		13EFAB122AE346E500CD4262 /* ContentView.swift in Sources */ = {isa = PBXBuildFile; fileRef = 13EFAB112AE346E500CD4262 /* ContentView.swift */; };
		13EFAB142AE346E600CD4262 /* Assets.xcassets in Resources */ = {isa = PBXBuildFile; fileRef = 13EFAB132AE346E600CD4262 /* Assets.xcassets */; };
		13EFAB172AE346E600CD4262 /* Preview Assets.xcassets in Resources */ = {isa = PBXBuildFile; fileRef = 13EFAB162AE346E600CD4262 /* Preview Assets.xcassets */; };
		13EFAB1E2AE99B1C00CD4262 /* WelcomeView.swift in Sources */ = {isa = PBXBuildFile; fileRef = 13EFAB1D2AE99B1C00CD4262 /* WelcomeView.swift */; };
		13EFAB202AE99B2500CD4262 /* ExerciseView.swift in Sources */ = {isa = PBXBuildFile; fileRef = 13EFAB1F2AE99B2500CD4262 /* ExerciseView.swift */; };
/* End PBXBuildFile section */

/* Begin PBXFileReference section */
		131D30542AEA13E3001D7220 /* sun-salute.mp4 */ = {isa = PBXFileReference; lastKnownFileType = file; path = "sun-salute.mp4"; sourceTree = "<group>"; };
		131D30552AEA13E3001D7220 /* burpee.mp4 */ = {isa = PBXFileReference; lastKnownFileType = file; path = burpee.mp4; sourceTree = "<group>"; };
		131D30562AEA13E3001D7220 /* squat.mp4 */ = {isa = PBXFileReference; lastKnownFileType = file; path = squat.mp4; sourceTree = "<group>"; };
		131D30572AEA13E3001D7220 /* step-up.mp4 */ = {isa = PBXFileReference; lastKnownFileType = file; path = "step-up.mp4"; sourceTree = "<group>"; };
		131D305C2AEAD2D0001D7220 /* HeaderView.swift */ = {isa = PBXFileReference; lastKnownFileType = sourcecode.swift; path = HeaderView.swift; sourceTree = "<group>"; };
		131D305E2AEAD68B001D7220 /* Exercise.swift */ = {isa = PBXFileReference; lastKnownFileType = sourcecode.swift; path = Exercise.swift; sourceTree = "<group>"; };
		131D30602AEC4D5D001D7220 /* RatingView.swift */ = {isa = PBXFileReference; lastKnownFileType = sourcecode.swift; path = RatingView.swift; sourceTree = "<group>"; };
		131D30622AEC5556001D7220 /* VideoPlayerView.swift */ = {isa = PBXFileReference; lastKnownFileType = sourcecode.swift; path = VideoPlayerView.swift; sourceTree = "<group>"; };
		13EFAB0C2AE346E500CD4262 /* HiitFit.app */ = {isa = PBXFileReference; explicitFileType = wrapper.application; includeInIndex = 0; path = HiitFit.app; sourceTree = BUILT_PRODUCTS_DIR; };
		13EFAB0F2AE346E500CD4262 /* HiitFitApp.swift */ = {isa = PBXFileReference; lastKnownFileType = sourcecode.swift; path = HiitFitApp.swift; sourceTree = "<group>"; };
		13EFAB112AE346E500CD4262 /* ContentView.swift */ = {isa = PBXFileReference; lastKnownFileType = sourcecode.swift; path = ContentView.swift; sourceTree = "<group>"; };
		13EFAB132AE346E600CD4262 /* Assets.xcassets */ = {isa = PBXFileReference; lastKnownFileType = folder.assetcatalog; path = Assets.xcassets; sourceTree = "<group>"; };
		13EFAB162AE346E600CD4262 /* Preview Assets.xcassets */ = {isa = PBXFileReference; lastKnownFileType = folder.assetcatalog; path = "Preview Assets.xcassets"; sourceTree = "<group>"; };
		13EFAB1D2AE99B1C00CD4262 /* WelcomeView.swift */ = {isa = PBXFileReference; lastKnownFileType = sourcecode.swift; path = WelcomeView.swift; sourceTree = "<group>"; };
		13EFAB1F2AE99B2500CD4262 /* ExerciseView.swift */ = {isa = PBXFileReference; lastKnownFileType = sourcecode.swift; path = ExerciseView.swift; sourceTree = "<group>"; };
/* End PBXFileReference section */

/* Begin PBXFrameworksBuildPhase section */
		13EFAB092AE346E500CD4262 /* Frameworks */ = {
			isa = PBXFrameworksBuildPhase;
			buildActionMask = 2147483647;
			files = (
			);
			runOnlyForDeploymentPostprocessing = 0;
		};
/* End PBXFrameworksBuildPhase section */

/* Begin PBXGroup section */
		131D30532AEA13A0001D7220 /* Videos */ = {
			isa = PBXGroup;
			children = (
				131D30552AEA13E3001D7220 /* burpee.mp4 */,
				131D30562AEA13E3001D7220 /* squat.mp4 */,
				131D30572AEA13E3001D7220 /* step-up.mp4 */,
				131D30542AEA13E3001D7220 /* sun-salute.mp4 */,
			);
			path = Videos;
			sourceTree = "<group>";
		};
		13EFAB032AE346E500CD4262 = {
			isa = PBXGroup;
			children = (
				13EFAB0E2AE346E500CD4262 /* HiitFit */,
				13EFAB0D2AE346E500CD4262 /* Products */,
			);
			sourceTree = "<group>";
		};
		13EFAB0D2AE346E500CD4262 /* Products */ = {
			isa = PBXGroup;
			children = (
				13EFAB0C2AE346E500CD4262 /* HiitFit.app */,
			);
			name = Products;
			sourceTree = "<group>";
		};
		13EFAB0E2AE346E500CD4262 /* HiitFit */ = {
			isa = PBXGroup;
			children = (
				13EFAB0F2AE346E500CD4262 /* HiitFitApp.swift */,
				131D305E2AEAD68B001D7220 /* Exercise.swift */,
				13EFAB212AE99B2C00CD4262 /* Views */,
				131D30532AEA13A0001D7220 /* Videos */,
				13EFAB132AE346E600CD4262 /* Assets.xcassets */,
				13EFAB152AE346E600CD4262 /* Preview Content */,
			);
			path = HiitFit;
			sourceTree = "<group>";
		};
		13EFAB152AE346E600CD4262 /* Preview Content */ = {
			isa = PBXGroup;
			children = (
				13EFAB162AE346E600CD4262 /* Preview Assets.xcassets */,
			);
			path = "Preview Content";
			sourceTree = "<group>";
		};
		13EFAB212AE99B2C00CD4262 /* Views */ = {
			isa = PBXGroup;
			children = (
				13EFAB112AE346E500CD4262 /* ContentView.swift */,
				13EFAB1D2AE99B1C00CD4262 /* WelcomeView.swift */,
				13EFAB1F2AE99B2500CD4262 /* ExerciseView.swift */,
				131D30622AEC5556001D7220 /* VideoPlayerView.swift */,
				131D30602AEC4D5D001D7220 /* RatingView.swift */,
				131D305C2AEAD2D0001D7220 /* HeaderView.swift */,
			);
			path = Views;
			sourceTree = "<group>";
		};
/* End PBXGroup section */

/* Begin PBXNativeTarget section */
		13EFAB0B2AE346E500CD4262 /* HiitFit */ = {
			isa = PBXNativeTarget;
			buildConfigurationList = 13EFAB1A2AE346E600CD4262 /* Build configuration list for PBXNativeTarget "HiitFit" */;
			buildPhases = (
				13EFAB082AE346E500CD4262 /* Sources */,
				13EFAB092AE346E500CD4262 /* Frameworks */,
				13EFAB0A2AE346E500CD4262 /* Resources */,
			);
			buildRules = (
			);
			dependencies = (
			);
			name = HiitFit;
			productName = HiitFit;
			productReference = 13EFAB0C2AE346E500CD4262 /* HiitFit.app */;
			productType = "com.apple.product-type.application";
		};
/* End PBXNativeTarget section */

/* Begin PBXProject section */
		13EFAB042AE346E500CD4262 /* Project object */ = {
			isa = PBXProject;
			attributes = {
				BuildIndependentTargetsInParallel = 1;
				LastSwiftUpdateCheck = 1500;
				LastUpgradeCheck = 1500;
				TargetAttributes = {
					13EFAB0B2AE346E500CD4262 = {
						CreatedOnToolsVersion = 15.0.1;
					};
				};
			};
			buildConfigurationList = 13EFAB072AE346E500CD4262 /* Build configuration list for PBXProject "HiitFit" */;
			compatibilityVersion = "Xcode 14.0";
			developmentRegion = en;
			hasScannedForEncodings = 0;
			knownRegions = (
				en,
				Base,
			);
			mainGroup = 13EFAB032AE346E500CD4262;
			productRefGroup = 13EFAB0D2AE346E500CD4262 /* Products */;
			projectDirPath = "";
			projectRoot = "";
			targets = (
				13EFAB0B2AE346E500CD4262 /* HiitFit */,
			);
		};
/* End PBXProject section */

/* Begin PBXResourcesBuildPhase section */
		13EFAB0A2AE346E500CD4262 /* Resources */ = {
			isa = PBXResourcesBuildPhase;
			buildActionMask = 2147483647;
			files = (
				131D305A2AEA13E3001D7220 /* squat.mp4 in Resources */,
				131D30592AEA13E3001D7220 /* burpee.mp4 in Resources */,
				131D305B2AEA13E3001D7220 /* step-up.mp4 in Resources */,
				13EFAB172AE346E600CD4262 /* Preview Assets.xcassets in Resources */,
				131D30582AEA13E3001D7220 /* sun-salute.mp4 in Resources */,
				13EFAB142AE346E600CD4262 /* Assets.xcassets in Resources */,
			);
			runOnlyForDeploymentPostprocessing = 0;
		};
/* End PBXResourcesBuildPhase section */

/* Begin PBXSourcesBuildPhase section */
		13EFAB082AE346E500CD4262 /* Sources */ = {
			isa = PBXSourcesBuildPhase;
			buildActionMask = 2147483647;
			files = (
				131D30612AEC4D5D001D7220 /* RatingView.swift in Sources */,
				131D305D2AEAD2D0001D7220 /* HeaderView.swift in Sources */,
				13EFAB202AE99B2500CD4262 /* ExerciseView.swift in Sources */,
				13EFAB122AE346E500CD4262 /* ContentView.swift in Sources */,
				13EFAB1E2AE99B1C00CD4262 /* WelcomeView.swift in Sources */,
				13EFAB102AE346E500CD4262 /* HiitFitApp.swift in Sources */,
				131D305F2AEAD68B001D7220 /* Exercise.swift in Sources */,
				131D30632AEC5556001D7220 /* VideoPlayerView.swift in Sources */,
			);
			runOnlyForDeploymentPostprocessing = 0;
		};
/* End PBXSourcesBuildPhase section */

/* Begin XCBuildConfiguration section */
		13EFAB182AE346E600CD4262 /* Debug */ = {
			isa = XCBuildConfiguration;
			buildSettings = {
				ALWAYS_SEARCH_USER_PATHS = NO;
				ASSETCATALOG_COMPILER_GENERATE_SWIFT_ASSET_SYMBOL_EXTENSIONS = YES;
				CLANG_ANALYZER_NONNULL = YES;
				CLANG_ANALYZER_NUMBER_OBJECT_CONVERSION = YES_AGGRESSIVE;
				CLANG_CXX_LANGUAGE_STANDARD = "gnu++20";
				CLANG_ENABLE_MODULES = YES;
				CLANG_ENABLE_OBJC_ARC = YES;
				CLANG_ENABLE_OBJC_WEAK = YES;
				CLANG_WARN_BLOCK_CAPTURE_AUTORELEASING = YES;
				CLANG_WARN_BOOL_CONVERSION = YES;
				CLANG_WARN_COMMA = YES;
				CLANG_WARN_CONSTANT_CONVERSION = YES;
				CLANG_WARN_DEPRECATED_OBJC_IMPLEMENTATIONS = YES;
				CLANG_WARN_DIRECT_OBJC_ISA_USAGE = YES_ERROR;
				CLANG_WARN_DOCUMENTATION_COMMENTS = YES;
				CLANG_WARN_EMPTY_BODY = YES;
				CLANG_WARN_ENUM_CONVERSION = YES;
				CLANG_WARN_INFINITE_RECURSION = YES;
				CLANG_WARN_INT_CONVERSION = YES;
				CLANG_WARN_NON_LITERAL_NULL_CONVERSION = YES;
				CLANG_WARN_OBJC_IMPLICIT_RETAIN_SELF = YES;
				CLANG_WARN_OBJC_LITERAL_CONVERSION = YES;
				CLANG_WARN_OBJC_ROOT_CLASS = YES_ERROR;
				CLANG_WARN_QUOTED_INCLUDE_IN_FRAMEWORK_HEADER = YES;
				CLANG_WARN_RANGE_LOOP_ANALYSIS = YES;
				CLANG_WARN_STRICT_PROTOTYPES = YES;
				CLANG_WARN_SUSPICIOUS_MOVE = YES;
				CLANG_WARN_UNGUARDED_AVAILABILITY = YES_AGGRESSIVE;
				CLANG_WARN_UNREACHABLE_CODE = YES;
				CLANG_WARN__DUPLICATE_METHOD_MATCH = YES;
				COPY_PHASE_STRIP = NO;
				DEBUG_INFORMATION_FORMAT = dwarf;
				ENABLE_STRICT_OBJC_MSGSEND = YES;
				ENABLE_TESTABILITY = YES;
				ENABLE_USER_SCRIPT_SANDBOXING = YES;
				GCC_C_LANGUAGE_STANDARD = gnu17;
				GCC_DYNAMIC_NO_PIC = NO;
				GCC_NO_COMMON_BLOCKS = YES;
				GCC_OPTIMIZATION_LEVEL = 0;
				GCC_PREPROCESSOR_DEFINITIONS = (
					"DEBUG=1",
					"$(inherited)",
				);
				GCC_WARN_64_TO_32_BIT_CONVERSION = YES;
				GCC_WARN_ABOUT_RETURN_TYPE = YES_ERROR;
				GCC_WARN_UNDECLARED_SELECTOR = YES;
				GCC_WARN_UNINITIALIZED_AUTOS = YES_AGGRESSIVE;
				GCC_WARN_UNUSED_FUNCTION = YES;
				GCC_WARN_UNUSED_VARIABLE = YES;
				IPHONEOS_DEPLOYMENT_TARGET = 17.0;
				LOCALIZATION_PREFERS_STRING_CATALOGS = YES;
				MTL_ENABLE_DEBUG_INFO = INCLUDE_SOURCE;
				MTL_FAST_MATH = YES;
				ONLY_ACTIVE_ARCH = YES;
				SDKROOT = iphoneos;
				SWIFT_ACTIVE_COMPILATION_CONDITIONS = "DEBUG $(inherited)";
				SWIFT_OPTIMIZATION_LEVEL = "-Onone";
			};
			name = Debug;
		};
		13EFAB192AE346E600CD4262 /* Release */ = {
			isa = XCBuildConfiguration;
			buildSettings = {
				ALWAYS_SEARCH_USER_PATHS = NO;
				ASSETCATALOG_COMPILER_GENERATE_SWIFT_ASSET_SYMBOL_EXTENSIONS = YES;
				CLANG_ANALYZER_NONNULL = YES;
				CLANG_ANALYZER_NUMBER_OBJECT_CONVERSION = YES_AGGRESSIVE;
				CLANG_CXX_LANGUAGE_STANDARD = "gnu++20";
				CLANG_ENABLE_MODULES = YES;
				CLANG_ENABLE_OBJC_ARC = YES;
				CLANG_ENABLE_OBJC_WEAK = YES;
				CLANG_WARN_BLOCK_CAPTURE_AUTORELEASING = YES;
				CLANG_WARN_BOOL_CONVERSION = YES;
				CLANG_WARN_COMMA = YES;
				CLANG_WARN_CONSTANT_CONVERSION = YES;
				CLANG_WARN_DEPRECATED_OBJC_IMPLEMENTATIONS = YES;
				CLANG_WARN_DIRECT_OBJC_ISA_USAGE = YES_ERROR;
				CLANG_WARN_DOCUMENTATION_COMMENTS = YES;
				CLANG_WARN_EMPTY_BODY = YES;
				CLANG_WARN_ENUM_CONVERSION = YES;
				CLANG_WARN_INFINITE_RECURSION = YES;
				CLANG_WARN_INT_CONVERSION = YES;
				CLANG_WARN_NON_LITERAL_NULL_CONVERSION = YES;
				CLANG_WARN_OBJC_IMPLICIT_RETAIN_SELF = YES;
				CLANG_WARN_OBJC_LITERAL_CONVERSION = YES;
				CLANG_WARN_OBJC_ROOT_CLASS = YES_ERROR;
				CLANG_WARN_QUOTED_INCLUDE_IN_FRAMEWORK_HEADER = YES;
				CLANG_WARN_RANGE_LOOP_ANALYSIS = YES;
				CLANG_WARN_STRICT_PROTOTYPES = YES;
				CLANG_WARN_SUSPICIOUS_MOVE = YES;
				CLANG_WARN_UNGUARDED_AVAILABILITY = YES_AGGRESSIVE;
				CLANG_WARN_UNREACHABLE_CODE = YES;
				CLANG_WARN__DUPLICATE_METHOD_MATCH = YES;
				COPY_PHASE_STRIP = NO;
				DEBUG_INFORMATION_FORMAT = "dwarf-with-dsym";
				ENABLE_NS_ASSERTIONS = NO;
				ENABLE_STRICT_OBJC_MSGSEND = YES;
				ENABLE_USER_SCRIPT_SANDBOXING = YES;
				GCC_C_LANGUAGE_STANDARD = gnu17;
				GCC_NO_COMMON_BLOCKS = YES;
				GCC_WARN_64_TO_32_BIT_CONVERSION = YES;
				GCC_WARN_ABOUT_RETURN_TYPE = YES_ERROR;
				GCC_WARN_UNDECLARED_SELECTOR = YES;
				GCC_WARN_UNINITIALIZED_AUTOS = YES_AGGRESSIVE;
				GCC_WARN_UNUSED_FUNCTION = YES;
				GCC_WARN_UNUSED_VARIABLE = YES;
				IPHONEOS_DEPLOYMENT_TARGET = 17.0;
				LOCALIZATION_PREFERS_STRING_CATALOGS = YES;
				MTL_ENABLE_DEBUG_INFO = NO;
				MTL_FAST_MATH = YES;
				SDKROOT = iphoneos;
				SWIFT_COMPILATION_MODE = wholemodule;
				VALIDATE_PRODUCT = YES;
			};
			name = Release;
		};
		13EFAB1B2AE346E600CD4262 /* Debug */ = {
			isa = XCBuildConfiguration;
			buildSettings = {
				ASSETCATALOG_COMPILER_APPICON_NAME = AppIcon;
				ASSETCATALOG_COMPILER_GLOBAL_ACCENT_COLOR_NAME = AccentColor;
				CODE_SIGN_STYLE = Automatic;
				CURRENT_PROJECT_VERSION = 1;
				DEVELOPMENT_ASSET_PATHS = "\"HiitFit/Preview Content\"";
				DEVELOPMENT_TEAM = 45V9635UTT;
				ENABLE_PREVIEWS = YES;
				GENERATE_INFOPLIST_FILE = YES;
				INFOPLIST_KEY_UIApplicationSceneManifest_Generation = YES;
				INFOPLIST_KEY_UIApplicationSupportsIndirectInputEvents = YES;
				INFOPLIST_KEY_UILaunchScreen_Generation = YES;
				INFOPLIST_KEY_UISupportedInterfaceOrientations_iPad = "UIInterfaceOrientationPortrait UIInterfaceOrientationPortraitUpsideDown UIInterfaceOrientationLandscapeLeft UIInterfaceOrientationLandscapeRight";
				INFOPLIST_KEY_UISupportedInterfaceOrientations_iPhone = "UIInterfaceOrientationPortrait UIInterfaceOrientationLandscapeLeft UIInterfaceOrientationLandscapeRight";
				LD_RUNPATH_SEARCH_PATHS = (
					"$(inherited)",
					"@executable_path/Frameworks",
				);
				MARKETING_VERSION = 1.0;
				PRODUCT_BUNDLE_IDENTIFIER = com.richieflores.HiitFit;
				PRODUCT_NAME = "$(TARGET_NAME)";
				SWIFT_EMIT_LOC_STRINGS = YES;
				SWIFT_VERSION = 5.0;
				TARGETED_DEVICE_FAMILY = "1,2";
			};
			name = Debug;
		};
		13EFAB1C2AE346E600CD4262 /* Release */ = {
			isa = XCBuildConfiguration;
			buildSettings = {
				ASSETCATALOG_COMPILER_APPICON_NAME = AppIcon;
				ASSETCATALOG_COMPILER_GLOBAL_ACCENT_COLOR_NAME = AccentColor;
				CODE_SIGN_STYLE = Automatic;
				CURRENT_PROJECT_VERSION = 1;
				DEVELOPMENT_ASSET_PATHS = "\"HiitFit/Preview Content\"";
				DEVELOPMENT_TEAM = 45V9635UTT;
				ENABLE_PREVIEWS = YES;
				GENERATE_INFOPLIST_FILE = YES;
				INFOPLIST_KEY_UIApplicationSceneManifest_Generation = YES;
				INFOPLIST_KEY_UIApplicationSupportsIndirectInputEvents = YES;
				INFOPLIST_KEY_UILaunchScreen_Generation = YES;
				INFOPLIST_KEY_UISupportedInterfaceOrientations_iPad = "UIInterfaceOrientationPortrait UIInterfaceOrientationPortraitUpsideDown UIInterfaceOrientationLandscapeLeft UIInterfaceOrientationLandscapeRight";
				INFOPLIST_KEY_UISupportedInterfaceOrientations_iPhone = "UIInterfaceOrientationPortrait UIInterfaceOrientationLandscapeLeft UIInterfaceOrientationLandscapeRight";
				LD_RUNPATH_SEARCH_PATHS = (
					"$(inherited)",
					"@executable_path/Frameworks",
				);
				MARKETING_VERSION = 1.0;
				PRODUCT_BUNDLE_IDENTIFIER = com.richieflores.HiitFit;
				PRODUCT_NAME = "$(TARGET_NAME)";
				SWIFT_EMIT_LOC_STRINGS = YES;
				SWIFT_VERSION = 5.0;
				TARGETED_DEVICE_FAMILY = "1,2";
			};
			name = Release;
		};
/* End XCBuildConfiguration section */

/* Begin XCConfigurationList section */
		13EFAB072AE346E500CD4262 /* Build configuration list for PBXProject "HiitFit" */ = {
			isa = XCConfigurationList;
			buildConfigurations = (
				13EFAB182AE346E600CD4262 /* Debug */,
				13EFAB192AE346E600CD4262 /* Release */,
			);
			defaultConfigurationIsVisible = 0;
			defaultConfigurationName = Release;
		};
		13EFAB1A2AE346E600CD4262 /* Build configuration list for PBXNativeTarget "HiitFit" */ = {
			isa = XCConfigurationList;
			buildConfigurations = (
				13EFAB1B2AE346E600CD4262 /* Debug */,
				13EFAB1C2AE346E600CD4262 /* Release */,
			);
			defaultConfigurationIsVisible = 0;
			defaultConfigurationName = Release;
		};
/* End XCConfigurationList section */
	};
	rootObject = 13EFAB042AE346E500CD4262 /* Project object */;
}
